
Microsoft Visual Studio Solution File, Format Version 12.00
# Visual Studio Version 17
VisualStudioVersion = 17.9.34728.123
MinimumVisualStudioVersion = 10.0.40219.1
Project("{FAE04EC0-301F-11D3-BF4B-00C04F79EFBC}") = "mobile-store", "mobile-store\mobile-store.csproj", "{DE5CF2D2-1016-4375-A824-62BE44010FC0}"
EndProject
Global
	GlobalSection(SolutionConfigurationPlatforms) = preSolution
		Debug|Any CPU = Debug|Any CPU
		Release|Any CPU = Release|Any CPU
	EndGlobalSection
	GlobalSection(ProjectConfigurationPlatforms) = postSolution
		{DE5CF2D2-1016-4375-A824-62BE44010FC0}.Debug|Any CPU.ActiveCfg = Debug|Any CPU
		{DE5CF2D2-1016-4375-A824-62BE44010FC0}.Debug|Any CPU.Build.0 = Debug|Any CPU
		{DE5CF2D2-1016-4375-A824-62BE44010FC0}.Release|Any CPU.ActiveCfg = Release|Any CPU
		{DE5CF2D2-1016-4375-A824-62BE44010FC0}.Release|Any CPU.Build.0 = Release|Any CPU
	EndGlobalSection
	GlobalSection(SolutionProperties) = preSolution
		HideSolutionNode = FALSE
	EndGlobalSection
	GlobalSection(ExtensibilityGlobals) = postSolution
		SolutionGuid = {EC92E4AB-EC46-47E7-87E4-96A8128567A1}
	EndGlobalSection
EndGlobal
